
Microsoft Visual Studio Solution File, Format Version 12.00
# Visual Studio Version 17
VisualStudioVersion = 17.13.35818.85 d17.13
MinimumVisualStudioVersion = 10.0.40219.1
Project("{FAE04EC0-301F-11D3-BF4B-00C04F79EFBC}") = "EpsilonBackend", "EpsilonBackend.csproj", "{0B9624D6-A140-46C6-9B68-2F92DDBD12C0}"
EndProject
Global
	GlobalSection(SolutionConfigurationPlatforms) = preSolution
		Debug|Any CPU = Debug|Any CPU
		Release|Any CPU = Release|Any CPU
	EndGlobalSection
	GlobalSection(ProjectConfigurationPlatforms) = postSolution
		{0B9624D6-A140-46C6-9B68-2F92DDBD12C0}.Debug|Any CPU.ActiveCfg = Debug|Any CPU
		{0B9624D6-A140-46C6-9B68-2F92DDBD12C0}.Debug|Any CPU.Build.0 = Debug|Any CPU
		{0B9624D6-A140-46C6-9B68-2F92DDBD12C0}.Release|Any CPU.ActiveCfg = Release|Any CPU
		{0B9624D6-A140-46C6-9B68-2F92DDBD12C0}.Release|Any CPU.Build.0 = Release|Any CPU
	EndGlobalSection
	GlobalSection(SolutionProperties) = preSolution
		HideSolutionNode = FALSE
	EndGlobalSection
	GlobalSection(ExtensibilityGlobals) = postSolution
		SolutionGuid = {85F803C2-4229-4AC6-AFBF-4E85420BED51}
	EndGlobalSection
EndGlobal
